
Microsoft Visual Studio Solution File, Format Version 12.00
# Visual Studio 15
Project("{FAE04EC0-301F-11D3-BF4B-00C04F79EFBC}") = "app1.Android", "app1.Android\app1.Android.csproj", "{C0736548-0171-49E2-97B5-AF06156F7112}"
EndProject
Project("{FAE04EC0-301F-11D3-BF4B-00C04F79EFBC}") = "app1.iOS", "app1.iOS\app1.iOS.csproj", "{0D43865A-A21C-45A8-9758-EC33400D33FB}"
EndProject
Project("{FAE04EC0-301F-11D3-BF4B-00C04F79EFBC}") = "app1", "app1\app1.csproj", "{C629CD03-672F-4335-9776-3CFB451C8ABD}"
EndProject
Global
	GlobalSection(SolutionConfigurationPlatforms) = preSolution
		Debug|Any CPU = Debug|Any CPU
		Release|Any CPU = Release|Any CPU
		Debug|iPhoneSimulator = Debug|iPhoneSimulator
		Release|iPhoneSimulator = Release|iPhoneSimulator
		Debug|iPhone = Debug|iPhone
		Release|iPhone = Release|iPhone
	EndGlobalSection
	GlobalSection(ProjectConfigurationPlatforms) = postSolution
		{C0736548-0171-49E2-97B5-AF06156F7112}.Debug|Any CPU.ActiveCfg = Debug|Any CPU
		{C0736548-0171-49E2-97B5-AF06156F7112}.Debug|Any CPU.Build.0 = Debug|Any CPU
		{C0736548-0171-49E2-97B5-AF06156F7112}.Release|Any CPU.ActiveCfg = Release|Any CPU
		{C0736548-0171-49E2-97B5-AF06156F7112}.Release|Any CPU.Build.0 = Release|Any CPU
		{C0736548-0171-49E2-97B5-AF06156F7112}.Debug|iPhoneSimulator.ActiveCfg = Debug|Any CPU
		{C0736548-0171-49E2-97B5-AF06156F7112}.Debug|iPhoneSimulator.Build.0 = Debug|Any CPU
		{C0736548-0171-49E2-97B5-AF06156F7112}.Release|iPhoneSimulator.ActiveCfg = Release|Any CPU
		{C0736548-0171-49E2-97B5-AF06156F7112}.Release|iPhoneSimulator.Build.0 = Release|Any CPU
		{C0736548-0171-49E2-97B5-AF06156F7112}.Debug|iPhone.ActiveCfg = Debug|Any CPU
		{C0736548-0171-49E2-97B5-AF06156F7112}.Debug|iPhone.Build.0 = Debug|Any CPU
		{C0736548-0171-49E2-97B5-AF06156F7112}.Release|iPhone.ActiveCfg = Release|Any CPU
		{C0736548-0171-49E2-97B5-AF06156F7112}.Release|iPhone.Build.0 = Release|Any CPU
		{0D43865A-A21C-45A8-9758-EC33400D33FB}.Debug|Any CPU.ActiveCfg = Debug|iPhoneSimulator
		{0D43865A-A21C-45A8-9758-EC33400D33FB}.Debug|Any CPU.Build.0 = Debug|iPhoneSimulator
		{0D43865A-A21C-45A8-9758-EC33400D33FB}.Release|Any CPU.ActiveCfg = Release|iPhoneSimulator
		{0D43865A-A21C-45A8-9758-EC33400D33FB}.Release|Any CPU.Build.0 = Release|iPhoneSimulator
		{0D43865A-A21C-45A8-9758-EC33400D33FB}.Debug|iPhoneSimulator.ActiveCfg = Debug|iPhoneSimulator
		{0D43865A-A21C-45A8-9758-EC33400D33FB}.Debug|iPhoneSimulator.Build.0 = Debug|iPhoneSimulator
		{0D43865A-A21C-45A8-9758-EC33400D33FB}.Release|iPhoneSimulator.ActiveCfg = Release|iPhoneSimulator
		{0D43865A-A21C-45A8-9758-EC33400D33FB}.Release|iPhoneSimulator.Build.0 = Release|iPhoneSimulator
		{0D43865A-A21C-45A8-9758-EC33400D33FB}.Debug|iPhone.ActiveCfg = Debug|iPhone
		{0D43865A-A21C-45A8-9758-EC33400D33FB}.Debug|iPhone.Build.0 = Debug|iPhone
		{0D43865A-A21C-45A8-9758-EC33400D33FB}.Release|iPhone.ActiveCfg = Release|iPhone
		{0D43865A-A21C-45A8-9758-EC33400D33FB}.Release|iPhone.Build.0 = Release|iPhone
		{C629CD03-672F-4335-9776-3CFB451C8ABD}.Debug|Any CPU.ActiveCfg = Debug|Any CPU
		{C629CD03-672F-4335-9776-3CFB451C8ABD}.Debug|Any CPU.Build.0 = Debug|Any CPU
		{C629CD03-672F-4335-9776-3CFB451C8ABD}.Release|Any CPU.ActiveCfg = Release|Any CPU
		{C629CD03-672F-4335-9776-3CFB451C8ABD}.Release|Any CPU.Build.0 = Release|Any CPU
		{C629CD03-672F-4335-9776-3CFB451C8ABD}.Debug|iPhoneSimulator.ActiveCfg = Debug|Any CPU
		{C629CD03-672F-4335-9776-3CFB451C8ABD}.Debug|iPhoneSimulator.Build.0 = Debug|Any CPU
		{C629CD03-672F-4335-9776-3CFB451C8ABD}.Release|iPhoneSimulator.ActiveCfg = Release|Any CPU
		{C629CD03-672F-4335-9776-3CFB451C8ABD}.Release|iPhoneSimulator.Build.0 = Release|Any CPU
		{C629CD03-672F-4335-9776-3CFB451C8ABD}.Debug|iPhone.ActiveCfg = Debug|Any CPU
		{C629CD03-672F-4335-9776-3CFB451C8ABD}.Debug|iPhone.Build.0 = Debug|Any CPU
		{C629CD03-672F-4335-9776-3CFB451C8ABD}.Release|iPhone.ActiveCfg = Release|Any CPU
		{C629CD03-672F-4335-9776-3CFB451C8ABD}.Release|iPhone.Build.0 = Release|Any CPU
	EndGlobalSection
EndGlobal
